
Microsoft Visual Studio Solution File, Format Version 12.00
# Visual Studio Version 16
VisualStudioVersion = 16.0.31729.503
MinimumVisualStudioVersion = 10.0.40219.1
Project("{FAE04EC0-301F-11D3-BF4B-00C04F79EFBC}") = "Worksets", "Worksets.csproj", "{B9D0FAAA-CDAB-4211-8F19-7E8464080D72}"
EndProject
Global
	GlobalSection(SolutionConfigurationPlatforms) = preSolution
		Debug|Any CPU = Debug|Any CPU
		Release|Any CPU = Release|Any CPU
	EndGlobalSection
	GlobalSection(ProjectConfigurationPlatforms) = postSolution
		{B9D0FAAA-CDAB-4211-8F19-7E8464080D72}.Debug|Any CPU.ActiveCfg = Debug|Any CPU
		{B9D0FAAA-CDAB-4211-8F19-7E8464080D72}.Debug|Any CPU.Build.0 = Debug|Any CPU
		{B9D0FAAA-CDAB-4211-8F19-7E8464080D72}.Release|Any CPU.ActiveCfg = Release|Any CPU
		{B9D0FAAA-CDAB-4211-8F19-7E8464080D72}.Release|Any CPU.Build.0 = Release|Any CPU
	EndGlobalSection
	GlobalSection(SolutionProperties) = preSolution
		HideSolutionNode = FALSE
	EndGlobalSection
	GlobalSection(ExtensibilityGlobals) = postSolution
		SolutionGuid = {079BEEC1-24E2-4668-B29A-2DDAD4E5BD96}
	EndGlobalSection
EndGlobal
